dependencies:
- name: common
  repository: file://../common
  version: 0.3.0
- name: service
  repository: file://../service
  version: 0.1.0
- name: ingress
  repository: file://../ingress
  version: 0.1.0
digest: sha256:f0066630f01bc4f254be5784c5eb80b2fa83cc02979a7e5f33fac2dcc2d45ff8
generated: "2026-01-20T14:25:15.570313417+01:00"
